{
  "nodes": {
    "flake-utils": {
      "inputs": {
        "systems": "systems"
      },
      "locked": {
        "lastModified": 1705309234,
        "narHash": "sha256-uNRRNRKmJyCRC/8y1RqBkqWBLM034y4qN7EprSdmgyA=",
        "owner": "numtide",
        "repo": "flake-utils",
        "rev": "1ef2e671c3b0c19053962c07dbda38332dcebf26",
        "type": "github"
      },
      "original": {
        "owner": "numtide",
        "repo": "flake-utils",
        "type": "github"
      }
    },
    "flake-utils_2": {
      "inputs": {
        "systems": "systems_2"
      },
      "locked": {
        "lastModified": 1705309234,
        "narHash": "sha256-uNRRNRKmJyCRC/8y1RqBkqWBLM034y4qN7EprSdmgyA=",
        "owner": "numtide",
        "repo": "flake-utils",
        "rev": "1ef2e671c3b0c19053962c07dbda38332dcebf26",
        "type": "github"
      },
      "original": {
        "owner": "numtide",
        "repo": "flake-utils",
        "type": "github"
      }
    },
    "gitlab-ssh-keys": {
      "inputs": {
        "flake-utils": "flake-utils_2",
        "nixpkgs": "nixpkgs_2"
      },
      "locked": {
        "lastModified": 1707140594,
        "narHash": "sha256-23MBn956X06OjVmnEOqya3/r9YhU5tDV/j16wfUS7vA=",
        "ref": "refs/heads/master",
        "rev": "f765e862fade664d5314269ddb49e05b35798350",
        "revCount": 34,
        "type": "git",
        "url": "https://doctor:Jc337-bNbgBVhsq5yVvP@git.novadiscovery.net/world/gitlab-ssh-keys.git"
      },
      "original": {
        "type": "git",
        "url": "https://doctor:Jc337-bNbgBVhsq5yVvP@git.novadiscovery.net/world/gitlab-ssh-keys.git"
      }
    },
    "hm": {
      "inputs": {
        "nixpkgs": [
          "nova",
          "nixpkgs"
        ]
      },
      "locked": {
        "lastModified": 1707175763,
        "narHash": "sha256-0MKHC6tQ4KEuM5rui6DjKZ/VNiSANB4E+DJ/+wPS1PU=",
        "owner": "nix-community",
        "repo": "home-manager",
        "rev": "f99eace7c167b8a6a0871849493b1c613d0f1b80",
        "type": "github"
      },
      "original": {
        "owner": "nix-community",
        "repo": "home-manager",
        "type": "github"
      }
    },
    "home-manager": {
      "inputs": {
        "nixpkgs": [
          "nixpkgs"
        ]
      },
      "locked": {
        "lastModified": 1718788307,
        "narHash": "sha256-SqiOz0sljM0GjyQEVinPXQxaGcbOXw5OgpCWGPgh/vo=",
        "owner": "nix-community",
        "repo": "home-manager",
        "rev": "d7830d05421d0ced83a0f007900898bdcaf2a2ca",
        "type": "github"
      },
      "original": {
        "owner": "nix-community",
        "repo": "home-manager",
        "type": "github"
      }
    },
    "nixpkgs": {
      "locked": {
        "lastModified": 1718714799,
        "narHash": "sha256-FUZpz9rg3gL8NVPKbqU8ei1VkPLsTIfAJ2fdAf5qjak=",
        "owner": "nixos",
        "repo": "nixpkgs",
        "rev": "c00d587b1a1afbf200b1d8f0b0e4ba9deb1c7f0e",
        "type": "github"
      },
      "original": {
        "owner": "nixos",
        "ref": "nixos-unstable",
        "repo": "nixpkgs",
        "type": "github"
      }
    },
    "nixpkgs_2": {
      "locked": {
        "lastModified": 1706550542,
        "narHash": "sha256-UcsnCG6wx++23yeER4Hg18CXWbgNpqNXcHIo5/1Y+hc=",
        "owner": "NixOS",
        "repo": "nixpkgs",
        "rev": "97b17f32362e475016f942bbdfda4a4a72a8a652",
        "type": "github"
      },
      "original": {
        "owner": "NixOS",
        "ref": "nixos-unstable",
        "repo": "nixpkgs",
        "type": "github"
      }
    },
    "nixpkgs_3": {
      "locked": {
        "lastModified": 1707092692,
        "narHash": "sha256-ZbHsm+mGk/izkWtT4xwwqz38fdlwu7nUUKXTOmm4SyE=",
        "owner": "nixos",
        "repo": "nixpkgs",
        "rev": "faf912b086576fd1a15fca610166c98d47bc667e",
        "type": "github"
      },
      "original": {
        "owner": "nixos",
        "ref": "nixos-unstable",
        "repo": "nixpkgs",
        "type": "github"
      }
    },
    "nixpkgs_4": {
      "locked": {
        "lastModified": 1705856552,
        "narHash": "sha256-JXfnuEf5Yd6bhMs/uvM67/joxYKoysyE3M2k6T3eWbg=",
        "owner": "nixos",
        "repo": "nixpkgs",
        "rev": "612f97239e2cc474c13c9dafa0df378058c5ad8d",
        "type": "github"
      },
      "original": {
        "owner": "nixos",
        "ref": "nixos-unstable",
        "repo": "nixpkgs",
        "type": "github"
      }
    },
    "nmt": {
      "flake": false,
      "locked": {
        "lastModified": 1705307515,
        "narHash": "sha256-krVKx3/u1mDo8qe5qylYgmwAmlAPHa1BSPDzxq09FmI=",
        "type": "tarball",
        "url": "https://git.sr.ht/~rycee/nmt/archive/v0.5.1.tar.gz"
      },
      "original": {
        "type": "tarball",
        "url": "https://git.sr.ht/~rycee/nmt/archive/v0.5.1.tar.gz"
      }
    },
    "nova": {
      "inputs": {
        "flake-utils": "flake-utils",
        "gitlab-ssh-keys": "gitlab-ssh-keys",
        "hm": "hm",
        "nixpkgs": "nixpkgs_3",
        "nmt": "nmt",
        "nur": "nur",
        "treefmt-nix": "treefmt-nix",
        "user-profile": "user-profile"
      },
      "locked": {
        "lastModified": 1718695428,
        "narHash": "sha256-Ex7LrtxjQ8CXJQ8TcYOIJ2nZraK9TBIpvhf7wuBqRkY=",
        "ref": "refs/heads/main",
        "rev": "43d9688042972a4628734449af770136ccf4ceb6",
        "revCount": 956,
        "type": "git",
        "url": "ssh://git@git.novadiscovery.net/sys/doctor"
      },
      "original": {
        "type": "git",
        "url": "ssh://git@git.novadiscovery.net/sys/doctor"
      }
    },
    "nur": {
      "locked": {
        "lastModified": 1707224015,
        "narHash": "sha256-W8r+Fu3LJ5RbP+u8BxCGmnuCfRvA6jZ9bzz7AWiOIWY=",
        "owner": "nix-community",
        "repo": "NUR",
        "rev": "547506ae6419ea2e54e8fcf02c37fba340dd97d7",
        "type": "github"
      },
      "original": {
        "owner": "nix-community",
        "repo": "NUR",
        "type": "github"
      }
    },
    "root": {
      "inputs": {
        "home-manager": "home-manager",
        "nixpkgs": "nixpkgs",
        "nova": "nova"
      }
    },
    "systems": {
      "locked": {
        "lastModified": 1681028828,
        "narHash": "sha256-Vy1rq5AaRuLzOxct8nz4T6wlgyUR7zLU309k9mBC768=",
        "owner": "nix-systems",
        "repo": "default",
        "rev": "da67096a3b9bf56a91d16901293e51ba5b49a27e",
        "type": "github"
      },
      "original": {
        "owner": "nix-systems",
        "repo": "default",
        "type": "github"
      }
    },
    "systems_2": {
      "locked": {
        "lastModified": 1681028828,
        "narHash": "sha256-Vy1rq5AaRuLzOxct8nz4T6wlgyUR7zLU309k9mBC768=",
        "owner": "nix-systems",
        "repo": "default",
        "rev": "da67096a3b9bf56a91d16901293e51ba5b49a27e",
        "type": "github"
      },
      "original": {
        "owner": "nix-systems",
        "repo": "default",
        "type": "github"
      }
    },
    "treefmt-nix": {
      "inputs": {
        "nixpkgs": "nixpkgs_4"
      },
      "locked": {
        "lastModified": 1706462057,
        "narHash": "sha256-7dG1D4iqqt0bEbBqUWk6lZiSqqwwAO0Hd1L5opVyhNM=",
        "owner": "numtide",
        "repo": "treefmt-nix",
        "rev": "c6153c2a3ff4c38d231e3ae99af29b87f1df5901",
        "type": "github"
      },
      "original": {
        "owner": "numtide",
        "repo": "treefmt-nix",
        "type": "github"
      }
    },
    "user-profile": {
      "flake": false,
      "locked": {
        "lastModified": 0,
        "narHash": "sha256-JUuqd8tmaEhEoJUdGtXIRFtDMyEEs4TUvu/truejoww=",
        "path": ".",
        "type": "path"
      },
      "original": {
        "path": ".",
        "type": "path"
      }
    }
  },
  "root": "root",
  "version": 7
}
